[[package]]
name = "pom"
version = "3.0.1"
source = "registry+https://github.com/rust-lang/crates.io-index"

[[package]]
name = "wurstdoktor"
version = "0.1.0"
dependencies = [
 "pom 3.0.1 (registry+https://github.com/rust-lang/crates.io-index)",
]

[metadata]
"checksum pom 3.0.1 (registry+https://github.com/rust-lang/crates.io-index)" = "7ea5601cff0b60910d9540128d79ec9abf3005382fc09081241e3b0094ad1569"
